
Microsoft Visual Studio Solution File, Format Version 12.00
# Visual Studio Version 18
VisualStudioVersion = 18.1.11312.151
MinimumVisualStudioVersion = 10.0.40219.1
Project("{FAE04EC0-301F-11D3-BF4B-00C04F79EFBC}") = "ISO9001.Database.InMemory", "Common\ISO9001.Database.InMemory\ISO9001.Database.InMemory.csproj", "{791E92E5-C82A-5B0F-E20C-F39A05A35E8F}"
EndProject
Project("{FAE04EC0-301F-11D3-BF4B-00C04F79EFBC}") = "ISO9001.Core", "ISO9001.Core\ISO9001.Core.csproj", "{7AC73ED5-7D13-41DC-89B6-44761EC35464}"
EndProject
Project("{2150E333-8FDC-42A3-9474-1A3956D46DE8}") = "Tools", "Tools", "{B6388CDA-DFCD-43EF-B156-029A36C92D51}"
EndProject
Project("{FAE04EC0-301F-11D3-BF4B-00C04F79EFBC}") = "ISO9001.WebAPI.Mappers", "Common\ISO9001.WebAPI.Mappers\ISO9001.WebAPI.Mappers.csproj", "{80261B34-915A-44A9-8ABB-51C3077251AE}"
EndProject
Project("{2150E333-8FDC-42A3-9474-1A3956D46DE8}") = "Demo", "Demo", "{2BD5A376-815E-4DD3-A304-A6385E9646E0}"
EndProject
Project("{FAE04EC0-301F-11D3-BF4B-00C04F79EFBC}") = "ISO9001.WebAPI", "Demo\ISO9001.WebAPI\ISO9001.WebAPI.csproj", "{E8A2D958-96F8-6870-CDD6-F4FCF160FF4F}"
EndProject
Global
	GlobalSection(SolutionConfigurationPlatforms) = preSolution
		Debug|Any CPU = Debug|Any CPU
		Release|Any CPU = Release|Any CPU
	EndGlobalSection
	GlobalSection(ProjectConfigurationPlatforms) = postSolution
		{791E92E5-C82A-5B0F-E20C-F39A05A35E8F}.Debug|Any CPU.ActiveCfg = Debug|Any CPU
		{791E92E5-C82A-5B0F-E20C-F39A05A35E8F}.Debug|Any CPU.Build.0 = Debug|Any CPU
		{791E92E5-C82A-5B0F-E20C-F39A05A35E8F}.Release|Any CPU.ActiveCfg = Release|Any CPU
		{791E92E5-C82A-5B0F-E20C-F39A05A35E8F}.Release|Any CPU.Build.0 = Release|Any CPU
		{7AC73ED5-7D13-41DC-89B6-44761EC35464}.Debug|Any CPU.ActiveCfg = Debug|Any CPU
		{7AC73ED5-7D13-41DC-89B6-44761EC35464}.Debug|Any CPU.Build.0 = Debug|Any CPU
		{7AC73ED5-7D13-41DC-89B6-44761EC35464}.Release|Any CPU.ActiveCfg = Release|Any CPU
		{7AC73ED5-7D13-41DC-89B6-44761EC35464}.Release|Any CPU.Build.0 = Release|Any CPU
		{80261B34-915A-44A9-8ABB-51C3077251AE}.Debug|Any CPU.ActiveCfg = Debug|Any CPU
		{80261B34-915A-44A9-8ABB-51C3077251AE}.Debug|Any CPU.Build.0 = Debug|Any CPU
		{80261B34-915A-44A9-8ABB-51C3077251AE}.Release|Any CPU.ActiveCfg = Release|Any CPU
		{80261B34-915A-44A9-8ABB-51C3077251AE}.Release|Any CPU.Build.0 = Release|Any CPU
		{E8A2D958-96F8-6870-CDD6-F4FCF160FF4F}.Debug|Any CPU.ActiveCfg = Debug|Any CPU
		{E8A2D958-96F8-6870-CDD6-F4FCF160FF4F}.Debug|Any CPU.Build.0 = Debug|Any CPU
		{E8A2D958-96F8-6870-CDD6-F4FCF160FF4F}.Release|Any CPU.ActiveCfg = Release|Any CPU
		{E8A2D958-96F8-6870-CDD6-F4FCF160FF4F}.Release|Any CPU.Build.0 = Release|Any CPU
	EndGlobalSection
	GlobalSection(SolutionProperties) = preSolution
		HideSolutionNode = FALSE
	EndGlobalSection
	GlobalSection(NestedProjects) = preSolution
		{791E92E5-C82A-5B0F-E20C-F39A05A35E8F} = {B6388CDA-DFCD-43EF-B156-029A36C92D51}
		{80261B34-915A-44A9-8ABB-51C3077251AE} = {B6388CDA-DFCD-43EF-B156-029A36C92D51}
		{E8A2D958-96F8-6870-CDD6-F4FCF160FF4F} = {2BD5A376-815E-4DD3-A304-A6385E9646E0}
	EndGlobalSection
	GlobalSection(ExtensibilityGlobals) = postSolution
		SolutionGuid = {CE22DBD4-FC59-4B05-B777-FEDAC8C1E977}
	EndGlobalSection
EndGlobal
